
Microsoft Visual Studio Solution File, Format Version 12.00
# Visual Studio Version 17
VisualStudioVersion = 17.14.36401.2 d17.14
MinimumVisualStudioVersion = 10.0.40219.1
Project("{FAE04EC0-301F-11D3-BF4B-00C04F79EFBC}") = "ClassLibraryAktieHandel", "ClassLibraryAktieHandel.csproj", "{853B8B3D-2AA7-45D2-8129-1B109F769FA3}"
EndProject
Project("{FAE04EC0-301F-11D3-BF4B-00C04F79EFBC}") = "ConsoleAppAktieHandel", "..\ConsoleAppAktieHandel\ConsoleAppAktieHandel.csproj", "{6110F342-DA70-468A-89DB-56D96B88B11E}"
EndProject
Global
	GlobalSection(SolutionConfigurationPlatforms) = preSolution
		Debug|Any CPU = Debug|Any CPU
		Release|Any CPU = Release|Any CPU
	EndGlobalSection
	GlobalSection(ProjectConfigurationPlatforms) = postSolution
		{853B8B3D-2AA7-45D2-8129-1B109F769FA3}.Debug|Any CPU.ActiveCfg = Debug|Any CPU
		{853B8B3D-2AA7-45D2-8129-1B109F769FA3}.Debug|Any CPU.Build.0 = Debug|Any CPU
		{853B8B3D-2AA7-45D2-8129-1B109F769FA3}.Release|Any CPU.ActiveCfg = Release|Any CPU
		{853B8B3D-2AA7-45D2-8129-1B109F769FA3}.Release|Any CPU.Build.0 = Release|Any CPU
		{6110F342-DA70-468A-89DB-56D96B88B11E}.Debug|Any CPU.ActiveCfg = Debug|Any CPU
		{6110F342-DA70-468A-89DB-56D96B88B11E}.Debug|Any CPU.Build.0 = Debug|Any CPU
		{6110F342-DA70-468A-89DB-56D96B88B11E}.Release|Any CPU.ActiveCfg = Release|Any CPU
		{6110F342-DA70-468A-89DB-56D96B88B11E}.Release|Any CPU.Build.0 = Release|Any CPU
	EndGlobalSection
	GlobalSection(SolutionProperties) = preSolution
		HideSolutionNode = FALSE
	EndGlobalSection
	GlobalSection(ExtensibilityGlobals) = postSolution
		SolutionGuid = {35065D8D-597F-4627-B15D-899CB0E400CE}
	EndGlobalSection
EndGlobal
